{
  "nodes": {
    "alacritty-theme": {
      "flake": false,
      "locked": {
        "lastModified": 1783715728,
        "narHash": "sha256-kXHjFbjJXSDZjSc3BaBZmYQPVDuCUueyWw+GjDv4iL4=",
        "owner": "alacritty",
        "repo": "alacritty-theme",
        "rev": "03cce642656759f440c97bb99ce65fc1c5b064a1",
        "type": "github"
      },
      "original": {
        "owner": "alacritty",
        "repo": "alacritty-theme",
        "type": "github"
      }
    },
    "anyframe": {
      "flake": false,
      "locked": {
        "lastModified": 1500469189,
        "narHash": "sha256-WaBaxxQzwpIlsfTgWGt8GSQin6nbm45mRvtW0VqociE=",
        "owner": "mollifier",
        "repo": "anyframe",
        "rev": "598675303044df8e9d04722f3adff4f63a238922",
        "type": "github"
      },
      "original": {
        "owner": "mollifier",
        "repo": "anyframe",
        "type": "github"
      }
    },
    "autosuggestions": {
      "flake": false,
      "locked": {
        "lastModified": 1750781703,
        "narHash": "sha256-KmkXgK1J6iAyb1FtF/gOa0adUnh1pgFsgQOUnNngBaE=",
        "owner": "zsh-users",
        "repo": "zsh-autosuggestions",
        "rev": "85919cd1ffa7d2d5412f6d3fe437ebdbeeec4fc5",
        "type": "github"
      },
      "original": {
        "owner": "zsh-users",
        "repo": "zsh-autosuggestions",
        "type": "github"
      }
    },
    "home-manager": {
      "inputs": {
        "nixpkgs": [
          "nixpkgs"
        ]
      },
      "locked": {
        "lastModified": 1789150619,
        "narHash": "sha256-Vsgv5atXkGWOOdLOL8oQLnZSGt1h140synPfFdwbyjU=",
        "owner": "nix-community",
        "repo": "home-manager",
        "rev": "e4345d5ae8aa1def34378d2a60ac5e6e4c8fd7c1",
        "type": "github"
      },
      "original": {
        "owner": "nix-community",
        "ref": "master",
        "repo": "home-manager",
        "type": "github"
      }
    },
    "ni-zsh": {
      "flake": false,
      "locked": {
        "lastModified": 1788402871,
        "narHash": "sha256-O61WiRwbDqTMqT6rx229/wGoRD17FjjtnZySyz7qvgc=",
        "owner": "azu",
        "repo": "ni.zsh",
        "rev": "9dd33217877d4d5d0ed982609ec50977f6f756b7",
        "type": "github"
      },
      "original": {
        "owner": "azu",
        "repo": "ni.zsh",
        "type": "github"
      }
    },
    "nixpkgs": {
      "locked": {
        "lastModified": 1789073787,
        "narHash": "sha256-xfX/toC2QV707s06GbP4II/TxYF0fNQj7s5/LClNDKc=",
        "owner": "NixOS",
        "repo": "nixpkgs",
        "rev": "aff8a0b28396750446e5537a96461bc4facdb287",
        "type": "github"
      },
      "original": {
        "owner": "NixOS",
        "ref": "nixpkgs-unstable",
        "repo": "nixpkgs",
        "type": "github"
      }
    },
    "prh-rules": {
      "flake": false,
      "locked": {
        "lastModified": 1774494400,
        "narHash": "sha256-sdfAFmKM8XWNkiuIVUzozDHIcq43k+ulQGmgiBrdZxM=",
        "owner": "prh",
        "repo": "rules",
        "rev": "89a6f9dd057a34dce15698260ced88183e332362",
        "type": "github"
      },
      "original": {
        "owner": "prh",
        "repo": "rules",
        "type": "github"
      }
    },
    "root": {
      "inputs": {
        "alacritty-theme": "alacritty-theme",
        "anyframe": "anyframe",
        "autosuggestions": "autosuggestions",
        "home-manager": "home-manager",
        "ni-zsh": "ni-zsh",
        "nixpkgs": "nixpkgs",
        "prh-rules": "prh-rules",
        "syntax-highlighting": "syntax-highlighting",
        "tpm": "tpm",
        "zacrs-src": "zacrs-src",
        "zsh-completions": "zsh-completions",
        "zsh-defer": "zsh-defer",
        "zsh-history": "zsh-history"
      }
    },
    "syntax-highlighting": {
      "flake": false,
      "locked": {
        "lastModified": 1788160444,
        "narHash": "sha256-gXTJv+k4OSgwiM7vy91v7tLLHre0f5XeSor3n/b2euI=",
        "owner": "zdharma-continuum",
        "repo": "fast-syntax-highlighting",
        "rev": "4672ad5dd9ad68a7effc1476d65afb7c584ce2b3",
        "type": "github"
      },
      "original": {
        "owner": "zdharma-continuum",
        "repo": "fast-syntax-highlighting",
        "type": "github"
      }
    },
    "tpm": {
      "flake": false,
      "locked": {
        "lastModified": 1779036064,
        "narHash": "sha256-oRKUZNyJYQXlkeQfbEYiltUEBpvdwn2SoEBWHVUNmrA=",
        "owner": "tmux-plugins",
        "repo": "tpm",
        "rev": "e261deb1b47614eed3400089ce7197dc68acc4eb",
        "type": "github"
      },
      "original": {
        "owner": "tmux-plugins",
        "repo": "tpm",
        "type": "github"
      }
    },
    "zacrs-src": {
      "flake": false,
      "locked": {
        "lastModified": 1788458571,
        "narHash": "sha256-kaU+nFNQXlmdoW58nwcD7YnfyuKWFuYY1zbt5eF1vzw=",
        "owner": "oyoshot",
        "repo": "zsh-autocomplete-rs-proto",
        "rev": "e0a41c3c46d0c8f36b1fbd7bc27b31bf14e6d575",
        "type": "github"
      },
      "original": {
        "owner": "oyoshot",
        "repo": "zsh-autocomplete-rs-proto",
        "rev": "e0a41c3c46d0c8f36b1fbd7bc27b31bf14e6d575",
        "type": "github"
      }
    },
    "zsh-completions": {
      "flake": false,
      "locked": {
        "lastModified": 1788654330,
        "narHash": "sha256-DAyQ57pA5u4v5q+NqoLHDo90UCW6WeaqNESEnOZk79U=",
        "owner": "zsh-users",
        "repo": "zsh-completions",
        "rev": "de02bb84ab0af51e328c6ae85ab5555397c31277",
        "type": "github"
      },
      "original": {
        "owner": "zsh-users",
        "repo": "zsh-completions",
        "type": "github"
      }
    },
    "zsh-defer": {
      "flake": false,
      "locked": {
        "lastModified": 1707546634,
        "narHash": "sha256-MFlvAnPCknSgkW3RFA8pfxMZZS/JbyF3aMsJj9uHHVU=",
        "owner": "romkatv",
        "repo": "zsh-defer",
        "rev": "53a26e287fbbe2dcebb3aa1801546c6de32416fa",
        "type": "github"
      },
      "original": {
        "owner": "romkatv",
        "repo": "zsh-defer",
        "type": "github"
      }
    },
    "zsh-history": {
      "flake": false,
      "locked": {
        "lastModified": 1768499095,
        "narHash": "sha256-KHujL1/TM5R3m4uQh2nGVC98D6MOyCgQpyFf+8gjKR0=",
        "owner": "zsh-users",
        "repo": "zsh-history-substring-search",
        "rev": "14c8d2e0ffaee98f2df9850b19944f32546fdea5",
        "type": "github"
      },
      "original": {
        "owner": "zsh-users",
        "repo": "zsh-history-substring-search",
        "type": "github"
      }
    }
  },
  "root": "root",
  "version": 7
}
