# @generated - this file is auto-generated by `mise lock` https://mise.jdx.dev/dev-tools/mise-lock.html

[[tools."aqua:anthropics/claude-code"]]
version = "2.1.238"
backend = "aqua:anthropics/claude-code"

[tools."aqua:anthropics/claude-code"."platforms.linux-x64"]
checksum = "sha256:1504400055a4427392cf27ccb3f93b4aa9566b6dadd1dfd98279cd25f79ce490"
url = "https://github.com/anthropics/claude-code/releases/download/v2.1.238/claude-linux-x64.tar.gz"
url_api = "https://api.github.com/repos/anthropics/claude-code/releases/assets/522593336"

[tools."aqua:anthropics/claude-code"."platforms.macos-arm64"]
checksum = "sha256:342ca2606ee1f37c8ce9bc3e3b71b23b6f3fd48f9974f389cd71ec32c9c65858"
url = "https://github.com/anthropics/claude-code/releases/download/v2.1.238/claude-darwin-arm64.tar.gz"
url_api = "https://api.github.com/repos/anthropics/claude-code/releases/assets/522593184"

[[tools."aqua:aws/aws-cli"]]
version = "2.36.29"
backend = "aqua:aws/aws-cli"

[tools."aqua:aws/aws-cli"."platforms.linux-x64"]
url = "https://awscli.amazonaws.com/awscli-exe-linux-x86_64-2.36.29.zip"

[tools."aqua:aws/aws-cli"."platforms.macos-arm64"]
url = "https://awscli.amazonaws.com/AWSCLIV2-2.36.29.pkg"

[[tools.bun]]
version = "1.4.0"
backend = "core:bun"

[tools.bun."platforms.linux-x64"]
checksum = "sha256:2d03fb5fb83ac8b567aca0a281b2ce1a1a19d488f56c2968d88c3f25e92fe452"
url = "https://github.com/oven-sh/bun/releases/download/bun-v1.4.0/bun-linux-x64.zip"

[tools.bun."platforms.linux-x64-baseline"]
checksum = "sha256:184fb4595f0d401a217cf7c78c1bc430ba83314dab7a8b94805babbf7fa7097f"
url = "https://github.com/oven-sh/bun/releases/download/bun-v1.4.0/bun-linux-x64-baseline.zip"

[tools.bun."platforms.linux-x64-musl"]
checksum = "sha256:83b5f12fd258dd8d4fdcaea65ede954366aa717dab399e20093ecab280d54e7a"
url = "https://github.com/oven-sh/bun/releases/download/bun-v1.4.0/bun-linux-x64-musl.zip"

[tools.bun."platforms.linux-x64-musl-baseline"]
checksum = "sha256:618c4bc1f94b02337ee210003c0b7c066f11548a8cdc5109df10db043dc47ca2"
url = "https://github.com/oven-sh/bun/releases/download/bun-v1.4.0/bun-linux-x64-musl-baseline.zip"

[tools.bun."platforms.macos-arm64"]
checksum = "sha256:c669e97f6164e1c96e0701748db98dfa77492908cbd8394c7557134a735de381"
url = "https://github.com/oven-sh/bun/releases/download/bun-v1.4.0/bun-darwin-aarch64.zip"

[[tools."cargo:cargo-audit"]]
version = "0.22.2"
backend = "cargo:cargo-audit"

[[tools."cargo:cargo-chef"]]
version = "0.1.78"
backend = "cargo:cargo-chef"

[[tools."cargo:cargo-compete"]]
version = "0.10.7"
backend = "cargo:cargo-compete"

[[tools."cargo:cargo-crev"]]
version = "0.27.1"
backend = "cargo:cargo-crev"

[[tools."cargo:cargo-deny"]]
version = "0.20.2"
backend = "cargo:cargo-deny"

[[tools."cargo:cargo-expand"]]
version = "1.0.126"
backend = "cargo:cargo-expand"

[[tools."cargo:cargo-features-manager"]]
version = "0.12.0"
backend = "cargo:cargo-features-manager"

[[tools."cargo:cargo-generate"]]
version = "0.23.14"
backend = "cargo:cargo-generate"

[[tools."cargo:cargo-lambda"]]
version = "1.9.1"
backend = "cargo:cargo-lambda"

[[tools."cargo:cargo-llvm-cov"]]
version = "0.9.0"
backend = "cargo:cargo-llvm-cov"

[[tools."cargo:cargo-machete"]]
version = "0.9.2"
backend = "cargo:cargo-machete"

[[tools."cargo:cargo-make"]]
version = "0.37.24"
backend = "cargo:cargo-make"

[[tools."cargo:cargo-nextest"]]
version = "0.9.143"
backend = "cargo:cargo-nextest"

[[tools."cargo:cargo-sort"]]
version = "2.1.4"
backend = "cargo:cargo-sort"

[[tools."cargo:cargo-udeps"]]
version = "0.1.61"
backend = "cargo:cargo-udeps"

[[tools."cargo:cargo-update"]]
version = "22.1.1"
backend = "cargo:cargo-update"

[[tools."cargo:https://github.com/Feel-ix-343/markdown-oxide.git"]]
version = "HEAD"
backend = "cargo:https://github.com/Feel-ix-343/markdown-oxide.git"

[tools."cargo:https://github.com/Feel-ix-343/markdown-oxide.git".options]
locked = "true"

[[tools."cargo:https://github.com/oyoshot/zsh-autocomplete-rs-proto.git"]]
version = "HEAD"
backend = "cargo:https://github.com/oyoshot/zsh-autocomplete-rs-proto.git"

[[tools."cargo:stylua"]]
version = "2.5.2"
backend = "cargo:stylua"

[[tools."cargo:usage-cli"]]
version = "5.1.0"
backend = "cargo:usage-cli"

[[tools.deno]]
version = "2.9.5"
backend = "core:deno"

[tools.deno."platforms.linux-x64"]
checksum = "sha256:8b010a3b1a4a0188a67cdb8a7a27348b2a501af78aec7fc74f2ace167368d530"
url = "https://dl.deno.land/release/v2.9.5/deno-x86_64-unknown-linux-gnu.zip"

[tools.deno."platforms.macos-arm64"]
checksum = "sha256:b796aadd131f6930560c1ee040cf0d6f53933fbb987464e9ff46bd7ea4830615"
url = "https://dl.deno.land/release/v2.9.5/deno-aarch64-apple-darwin.zip"

[[tools.elixir]]
version = "1.20.3-otp-29"
backend = "core:elixir"

[tools.elixir."platforms.linux-x64"]
checksum = "sha256:51f799b78374d569a5df659bdedeb0dd9ef8251230bcdaef00c533019086e625"
url = "https://builds.hex.pm/builds/elixir/v1.20.3-otp-29.zip"

[tools.elixir."platforms.macos-arm64"]
checksum = "sha256:51f799b78374d569a5df659bdedeb0dd9ef8251230bcdaef00c533019086e625"
url = "https://builds.hex.pm/builds/elixir/v1.20.3-otp-29.zip"

[[tools.erlang]]
version = "29.0.5"
backend = "core:erlang"

[tools.erlang."platforms.linux-x64"]
checksum = "sha256:86f6f40d4638852b0383235b02a70d8450184e441e83a06a108bf8e5bf1b2e04"
url = "https://github.com/erlang/otp/releases/download/OTP-29.0.5/otp_src_29.0.5.tar.gz"
url_api = "https://api.github.com/repos/erlang/otp/releases/assets/501327246"
install = "source"

[tools.erlang."platforms.macos-arm64"]
checksum = "sha256:24b9e00da2b9ad25b1f182e2efd73ff316e46ec4b143c0cc3c69dbd27d5a594d"
url = "https://github.com/erlef/otp_builds/releases/download/OTP-29.0.5/otp-aarch64-apple-darwin.tar.gz"
url_api = "https://api.github.com/repos/erlef/otp_builds/releases/assets/501257195"

[[tools.go]]
version = "1.27.0"
backend = "core:go"

[tools.go."platforms.linux-x64"]
checksum = "sha256:675c26c449cbb18fc24b74650de1eabbae6e16f64326fd85a283fb3b58280685"
url = "https://dl.google.com/go/go1.27.0.linux-amd64.tar.gz"

[tools.go."platforms.macos-arm64"]
checksum = "sha256:90493b3bbd5e10f91d12153198bf1994fd756399b4fec93b49b0c6e2acdeeb3e"
url = "https://dl.google.com/go/go1.27.0.darwin-arm64.tar.gz"

[[tools."go:github.com/d-kuro/gwq/cmd/gwq"]]
version = "0.1.1"
backend = "go:github.com/d-kuro/gwq/cmd/gwq"

[[tools."go:github.com/k1LoW/git-wt"]]
version = "0.29.1"
backend = "go:github.com/k1LoW/git-wt"

[[tools."go:github.com/mattn/memo"]]
version = "0.0.22"
backend = "go:github.com/mattn/memo"

[[tools."go:github.com/rhysd/vim-startuptime"]]
version = "1.3.2"
backend = "go:github.com/rhysd/vim-startuptime"

[[tools."go:golang.org/x/tools/gopls"]]
version = "0.23.0"
backend = "go:golang.org/x/tools/gopls"

[[tools.gradle]]
version = "9.7.1"
backend = "aqua:gradle/gradle"

[tools.gradle."platforms.linux-x64"]
checksum = "sha256:acd53f1edaf02f1a8ff99879f8a34b302661a057d9b063ae9e35b552f804d20a"
url = "https://github.com/gradle/gradle-distributions/releases/download/v9.7.1/gradle-9.7.1-bin.zip"
url_api = "https://api.github.com/repos/gradle/gradle-distributions/releases/assets/520945879"

[tools.gradle."platforms.macos-arm64"]
checksum = "sha256:acd53f1edaf02f1a8ff99879f8a34b302661a057d9b063ae9e35b552f804d20a"
url = "https://github.com/gradle/gradle-distributions/releases/download/v9.7.1/gradle-9.7.1-bin.zip"
url_api = "https://api.github.com/repos/gradle/gradle-distributions/releases/assets/520945879"

[[tools.helm]]
version = "4.2.4"
backend = "aqua:helm/helm"

[tools.helm."platforms.linux-x64"]
checksum = "sha256:c306b46f719b0a4da32d0f78ee21bf90ce8d602f15b22ab753f0674d1670a7f3"
url = "https://get.helm.sh/helm-v4.2.4-linux-amd64.tar.gz"

[tools.helm."platforms.macos-arm64"]
checksum = "sha256:d747eb4e28bd2727173d15b759fa0a17822291ec09db7ced3d55af290a3661a2"
url = "https://get.helm.sh/helm-v4.2.4-darwin-arm64.tar.gz"

[[tools.herdr]]
version = "0.8.2"
backend = "aqua:herdrdev/herdr"

[tools.herdr."platforms.linux-x64"]
checksum = "sha256:976150a14d490c94b243ea2e1a7eb2dfb67f12e36b182db90936f6728e6aecf4"
url = "https://github.com/herdrdev/herdr/releases/download/v0.8.2/herdr-linux-x86_64"
url_api = "https://api.github.com/repos/herdrdev/herdr/releases/assets/521169107"

[tools.herdr."platforms.macos-arm64"]
checksum = "sha256:a5d4f4d504d8b309c91f811050559300faba31258425f53c50852fc96f6ae574"
url = "https://github.com/herdrdev/herdr/releases/download/v0.8.2/herdr-macos-aarch64"
url_api = "https://api.github.com/repos/herdrdev/herdr/releases/assets/521169108"

[[tools.java]]
version = "27.0.0"
backend = "core:java"

[tools.java.options]
shorthand_vendor = "openjdk"

[tools.java."platforms.linux-x64"]
checksum = "sha256:95fc37eb3a18a27a26d5904c2d89d52bace8dafa9a078ca27f4747fbc4bf070b"
url = "https://download.java.net/java/GA/jdk27/55ce5470a6294008af0057ff4626d0e5/35/GPL/openjdk-27_linux-x64_bin.tar.gz"

[tools.java."platforms.macos-arm64"]
checksum = "sha256:ff42134c1bc5ac81c5a91a95fd4df87479db5d0499ba875d6adb5bda5626c3e8"
url = "https://download.java.net/java/GA/jdk27/55ce5470a6294008af0057ff4626d0e5/35/GPL/openjdk-27_macos-aarch64_bin.tar.gz"

[[tools.julia]]
version = "1.12.7"
backend = "http:julia"

[tools.julia."platforms.linux-x64"]
checksum = "sha256:4e7e9e776634d24835250de67cde39b0d4af15bc432eb20697e6be6c28ea69e8"
url = "https://julialang-s3.julialang.org/bin/linux/x64/1.12/julia-1.12.7-linux-x86_64.tar.gz"

[tools.julia."platforms.macos-arm64"]
checksum = "sha256:af8fcedfb25b6b9c8c13d99695c38faa2d59bf0162b3f458c8b8b56f14c96919"
url = "https://julialang-s3.julialang.org/bin/mac/aarch64/1.12/julia-1.12.7-macaarch64.tar.gz"

[[tools.kotlin]]
version = "2.4.10"
backend = "github:JetBrains/kotlin"

[tools.kotlin.options]
asset_pattern = "kotlin-compiler-*.zip"

[tools.kotlin."platforms.linux-x64"]
checksum = "sha256:473dd66c7a3ef4b182065b3da670466c1bf2773a9dbb0ed8b33a39fe9d4f876d"
url = "https://github.com/JetBrains/kotlin/releases/download/v2.4.10/kotlin-compiler-2.4.10.zip"
url_api = "https://api.github.com/repos/JetBrains/kotlin/releases/assets/476575537"

[tools.kotlin."platforms.macos-arm64"]
checksum = "sha256:473dd66c7a3ef4b182065b3da670466c1bf2773a9dbb0ed8b33a39fe9d4f876d"
url = "https://github.com/JetBrains/kotlin/releases/download/v2.4.10/kotlin-compiler-2.4.10.zip"
url_api = "https://api.github.com/repos/JetBrains/kotlin/releases/assets/476575537"

[[tools.lua-language-server]]
version = "3.19.1"
backend = "aqua:LuaLS/lua-language-server"

[tools.lua-language-server."platforms.linux-x64"]
checksum = "sha256:e9235d2d72ef55bc41cf8c99cda2ed64777682024b4bb81f5dea425060c5cbb8"
url = "https://github.com/LuaLS/lua-language-server/releases/download/3.19.1/lua-language-server-3.19.1-linux-x64.tar.gz"
url_api = "https://api.github.com/repos/LuaLS/lua-language-server/releases/assets/513572259"

[tools.lua-language-server."platforms.macos-arm64"]
checksum = "sha256:0bc077f4447f076b4c92c14e9fd303f5b569eda2ec74b4dca2b55f75fae2e90c"
url = "https://github.com/LuaLS/lua-language-server/releases/download/3.19.1/lua-language-server-3.19.1-darwin-arm64.tar.gz"
url_api = "https://api.github.com/repos/LuaLS/lua-language-server/releases/assets/513570627"

[[tools.ni]]
version = "30.5.0"
backend = "npm:@antfu/ni"

[[tools.node]]
version = "22.23.2"
backend = "core:node"

[tools.node."platforms.linux-x64"]
checksum = "sha256:b294a556e639d64338823920e5866c21c02741742d2e1529ee1a225c1ec9252a"
url = "https://nodejs.org/dist/v22.23.2/node-v22.23.2-linux-x64.tar.gz"

[tools.node."platforms.macos-arm64"]
checksum = "sha256:61130f394c1630d211dd50aecc4353d379480f36d3ac913cd85dbba1aed585c6"
url = "https://nodejs.org/dist/v22.23.2/node-v22.23.2-darwin-arm64.tar.gz"

[[tools."npm:@astrojs/language-server"]]
version = "2.16.14"
backend = "npm:@astrojs/language-server"

[[tools."npm:@astrojs/ts-plugin"]]
version = "1.10.11"
backend = "npm:@astrojs/ts-plugin"

[[tools."npm:@fsouza/prettierd"]]
version = "0.29.0"
backend = "npm:@fsouza/prettierd"

[[tools."npm:@marp-team/marp-cli"]]
version = "4.5.0"
backend = "npm:@marp-team/marp-cli"

[[tools."npm:@openai/codex"]]
version = "0.149.0"
backend = "npm:@openai/codex"

[[tools."npm:@textlint/textlint-plugin-markdown"]]
version = "15.8.0"
backend = "npm:@textlint/textlint-plugin-markdown"

[[tools."npm:@vtsls/language-server"]]
version = "0.3.0"
backend = "npm:@vtsls/language-server"

[[tools."npm:atcoder-cli"]]
version = "2.2.0"
backend = "npm:atcoder-cli"

[[tools."npm:bash-language-server"]]
version = "5.6.0"
backend = "npm:bash-language-server"

[[tools."npm:cspell"]]
version = "10.0.1"
backend = "npm:cspell"

[[tools."npm:mcp-hub"]]
version = "4.2.1"
backend = "npm:mcp-hub"

[[tools."npm:md-to-pdf"]]
version = "5.2.5"
backend = "npm:md-to-pdf"

[[tools."npm:prettier"]]
version = "3.9.6"
backend = "npm:prettier"

[[tools."npm:prh"]]
version = "6.0.6"
backend = "npm:prh"

[[tools."npm:textlint"]]
version = "15.8.0"
backend = "npm:textlint"

[[tools."npm:textlint-rule-preset-ja-spacing"]]
version = "3.0.3"
backend = "npm:textlint-rule-preset-ja-spacing"

[[tools."npm:textlint-rule-preset-ja-technical-writing"]]
version = "12.0.2"
backend = "npm:textlint-rule-preset-ja-technical-writing"

[[tools."npm:textlint-rule-preset-jtf-style"]]
version = "3.0.3"
backend = "npm:textlint-rule-preset-jtf-style"

[[tools."npm:textlint-rule-prh"]]
version = "6.1.0"
backend = "npm:textlint-rule-prh"

[[tools."npm:textlint-rule-terminology"]]
version = "5.2.16"
backend = "npm:textlint-rule-terminology"

[[tools.opentofu]]
version = "1.12.6"
backend = "aqua:opentofu/opentofu"

[tools.opentofu."platforms.linux-x64"]
checksum = "sha256:50a6106fa4de523d09c87af85f3db1dd47535fc005727fdca6852146476b88ec"
url = "https://github.com/opentofu/opentofu/releases/download/v1.12.6/tofu_1.12.6_linux_amd64.tar.gz"
url_api = "https://api.github.com/repos/opentofu/opentofu/releases/assets/520762723"

[tools.opentofu."platforms.macos-arm64"]
checksum = "sha256:f958ec5e511063be9feb180ca015a4cb7977566a9cf6a8550bba8c2a9b5aba74"
url = "https://github.com/opentofu/opentofu/releases/download/v1.12.6/tofu_1.12.6_darwin_arm64.tar.gz"
url_api = "https://api.github.com/repos/opentofu/opentofu/releases/assets/520762710"

[[tools."pipx:poetry"]]
version = "2.4.1"
backend = "pipx:poetry"

[[tools."pipx:pyright"]]
version = "1.1.411"
backend = "pipx:pyright"

[[tools."pipx:ruff"]]
version = "0.16.4"
backend = "pipx:ruff"

[[tools.pnpm]]
version = "11.22.0"
backend = "aqua:pnpm/pnpm"

[tools.pnpm."platforms.linux-x64"]
checksum = "sha256:4c592fa410eb23b69691a9efb9bf21c87c15b3e9d88c6ec8acdd354a0eb8de71"
url = "https://github.com/pnpm/pnpm/releases/download/v11.22.0/pnpm-linux-x64.tar.gz"
url_api = "https://api.github.com/repos/pnpm/pnpm/releases/assets/515895948"
provenance = "github-attestations"

[tools.pnpm."platforms.macos-arm64"]
checksum = "sha256:2000dcc8f0718852c2806ba4dca1edaedf18a4a39264474d5a1c8fcee250adfd"
url = "https://github.com/pnpm/pnpm/releases/download/v11.22.0/pnpm-darwin-arm64.tar.gz"
url_api = "https://api.github.com/repos/pnpm/pnpm/releases/assets/515895947"
provenance = "github-attestations"

[[tools.pulumi]]
version = "3.259.0"
backend = "aqua:pulumi/pulumi"

[tools.pulumi."platforms.linux-x64"]
checksum = "sha256:94ba357acac23d01474084c4b00098dc0f7bc70ce13f34c777459254a5f718e5"
url = "https://github.com/pulumi/pulumi/releases/download/v3.259.0/pulumi-v3.259.0-linux-x64.tar.gz"
url_api = "https://api.github.com/repos/pulumi/pulumi/releases/assets/521143941"
provenance = "cosign"

[tools.pulumi."platforms.macos-arm64"]
checksum = "sha256:57c27f179e527e2cf9f62b841a448af72a020e44b2fb4ee0d9bd85556c00c864"
url = "https://github.com/pulumi/pulumi/releases/download/v3.259.0/pulumi-v3.259.0-darwin-arm64.tar.gz"
url_api = "https://api.github.com/repos/pulumi/pulumi/releases/assets/521143695"
provenance = "cosign"

[[tools.python]]
version = "3.13.15"
backend = "core:python"

[tools.python."platforms.linux-x64"]
checksum = "sha256:aaca2af2ab4d7b68a712660d1334c0cfd5ec13c0312ccd30c29122d8d0342320"
url = "https://github.com/astral-sh/python-build-standalone/releases/download/20260814/cpython-3.13.15+20260814-x86_64-unknown-linux-gnu-install_only_stripped.tar.gz"
provenance = "github-attestations"

[tools.python."platforms.macos-arm64"]
checksum = "sha256:6d472fc49a4d95e58214a992c4c92aa73fe2a935837a01a9a36bab0bec6d72f3"
url = "https://github.com/astral-sh/python-build-standalone/releases/download/20260814/cpython-3.13.15+20260814-aarch64-apple-darwin-install_only_stripped.tar.gz"
provenance = "github-attestations"

[[tools.ruby]]
version = "4.0.6"
backend = "core:ruby"

[tools.ruby.options]
compile = "false"
precompiled_url = "jdx/ruby"
ruby_build_repo = "https://github.com/rbenv/ruby-build.git"
ruby_install = "false"

[tools.ruby."platforms.linux-x64"]
checksum = "sha256:aefa111873bac3b15c5c416bfaaca84e793d5312d4496d651ad79c44521b200a"
url = "https://github.com/jdx/ruby/releases/download/4.0.6-1/ruby-4.0.6.x86_64_linux.tar.gz"
provenance = "github-attestations"

[tools.ruby."platforms.macos-arm64"]
checksum = "sha256:518c5849d7ab337790943963ded4f0b402d2d4ededea265288a5a19d4c8fee18"
url = "https://github.com/jdx/ruby/releases/download/4.0.6-1/ruby-4.0.6.macos.tar.gz"
provenance = "github-attestations"

[[tools.rye]]
version = "0.44.0"
backend = "aqua:astral-sh/rye"

[tools.rye."platforms.linux-x64"]
checksum = "sha256:e55e8b844c44820b540c3df46c8d4a3cee43a42ce5302e92bcd99b21d194a9bc"
url = "https://github.com/astral-sh/rye/releases/download/0.44.0/rye-x86_64-linux.gz"
url_api = "https://api.github.com/repos/astral-sh/rye/releases/assets/232908514"

[tools.rye."platforms.macos-arm64"]
checksum = "sha256:af9e5d09fd839d1f6d49df856a2533d9407b3659ac48cdfbca383320ef0c6801"
url = "https://github.com/astral-sh/rye/releases/download/0.44.0/rye-aarch64-macos.gz"
url_api = "https://api.github.com/repos/astral-sh/rye/releases/assets/232908336"

[[tools.scala]]
version = "3.8.4"
backend = "vfox:mise-plugins/vfox-scala"

[tools.scala."platforms.linux-x64"]
url = "https://github.com/scala/scala3/releases/download/3.8.4/scala3-3.8.4.tar.gz"

[tools.scala."platforms.macos-arm64"]
url = "https://github.com/scala/scala3/releases/download/3.8.4/scala3-3.8.4.tar.gz"

[[tools.shellcheck]]
version = "0.11.0"
backend = "aqua:koalaman/shellcheck"

[tools.shellcheck."platforms.linux-x64"]
checksum = "sha256:8c3be12b05d5c177a04c29e3c78ce89ac86f1595681cab149b65b97c4e227198"
url = "https://github.com/koalaman/shellcheck/releases/download/v0.11.0/shellcheck-v0.11.0.linux.x86_64.tar.xz"
url_api = "https://api.github.com/repos/koalaman/shellcheck/releases/assets/279056942"

[tools.shellcheck."platforms.macos-arm64"]
checksum = "sha256:56affdd8de5527894dca6dc3d7e0a99a873b0f004d7aabc30ae407d3f48b0a79"
url = "https://github.com/koalaman/shellcheck/releases/download/v0.11.0/shellcheck-v0.11.0.darwin.aarch64.tar.xz"
url_api = "https://api.github.com/repos/koalaman/shellcheck/releases/assets/279056932"

[[tools.shfmt]]
version = "3.13.1"
backend = "aqua:mvdan/sh"

[tools.shfmt."platforms.linux-x64"]
checksum = "sha256:fb096c5d1ac6beabbdbaa2874d025badb03ee07929f0c9ff67563ce8c75398b1"
url = "https://github.com/mvdan/sh/releases/download/v3.13.1/shfmt_v3.13.1_linux_amd64"
url_api = "https://api.github.com/repos/mvdan/sh/releases/assets/390322866"

[tools.shfmt."platforms.macos-arm64"]
checksum = "sha256:9680526be4a66ea1ffe988ed08af58e1400fe1e4f4aef5bd88b20bb9b3da33f8"
url = "https://github.com/mvdan/sh/releases/download/v3.13.1/shfmt_v3.13.1_darwin_arm64"
url_api = "https://api.github.com/repos/mvdan/sh/releases/assets/390322881"

[[tools.terraform]]
version = "1.5.7"
backend = "aqua:hashicorp/terraform"

[tools.terraform."platforms.linux-x64"]
checksum = "sha256:c0ed7bc32ee52ae255af9982c8c88a7a4c610485cf1d55feeb037eab75fa082c"
url = "https://releases.hashicorp.com/terraform/1.5.7/terraform_1.5.7_linux_amd64.zip"

[tools.terraform."platforms.macos-arm64"]
checksum = "sha256:db7c33eb1a446b73a443e2c55b532845f7b70cd56100bec4c96f15cfab5f50cb"
url = "https://releases.hashicorp.com/terraform/1.5.7/terraform_1.5.7_darwin_arm64.zip"

[[tools.terraform]]
version = "1.0.11"
backend = "aqua:hashicorp/terraform"

[tools.terraform."platforms.linux-x64"]
checksum = "sha256:eeb46091a42dc303c3a3c300640c7774ab25cbee5083dafa5fd83b54c8aca664"
url = "https://releases.hashicorp.com/terraform/1.0.11/terraform_1.0.11_linux_amd64.zip"

[tools.terraform."platforms.macos-arm64"]
checksum = "sha256:737e1765afbadb3d76e1929d4b4af8da55010839aa08e9e730d46791eb8ea5a6"
url = "https://releases.hashicorp.com/terraform/1.0.11/terraform_1.0.11_darwin_arm64.zip"

[[tools.terraform]]
version = "1.15.9"
backend = "aqua:hashicorp/terraform"

[tools.terraform."platforms.linux-x64"]
checksum = "sha256:76edd0b22d2f27d3d2e097cd793209646f719cf60f02ff3af626b07361137da1"
url = "https://releases.hashicorp.com/terraform/1.15.9/terraform_1.15.9_linux_amd64.zip"

[tools.terraform."platforms.macos-arm64"]
checksum = "sha256:05b27586a5d7d84105690ecccc7edbbf48bc3d6d577745cb61f163ba990adf4f"
url = "https://releases.hashicorp.com/terraform/1.15.9/terraform_1.15.9_darwin_arm64.zip"

[[tools.terraform-ls]]
version = "0.39.0"
backend = "aqua:hashicorp/terraform-ls"

[tools.terraform-ls."platforms.linux-x64"]
checksum = "sha256:7750edc736845fd8c04ff0fc6332423c12d8275b358668c8c17e8aedc43ef971"
url = "https://releases.hashicorp.com/terraform-ls/0.39.0/terraform-ls_0.39.0_linux_amd64.zip"

[tools.terraform-ls."platforms.macos-arm64"]
checksum = "sha256:6f80fe0b34af184175508f3d9135d8159f5dce4000d9b39540553eb1c267c54b"
url = "https://releases.hashicorp.com/terraform-ls/0.39.0/terraform-ls_0.39.0_darwin_arm64.zip"

[[tools.tflint]]
version = "0.64.0"
backend = "aqua:terraform-linters/tflint"

[tools.tflint."platforms.linux-x64"]
checksum = "sha256:cca9d13e2e1d7a2c627af60ff899a3c9b74212899416aeb96ec764d2ef954537"
url = "https://github.com/terraform-linters/tflint/releases/download/v0.64.0/tflint_linux_amd64.zip"
url_api = "https://api.github.com/repos/terraform-linters/tflint/releases/assets/480528344"
provenance = "github-attestations"

[tools.tflint."platforms.macos-arm64"]
checksum = "sha256:2496e9cb3d24992d553b45e7c87a0fdc9449ca975233876247a9bfeda857e6c0"
url = "https://github.com/terraform-linters/tflint/releases/download/v0.64.0/tflint_darwin_arm64.zip"
url_api = "https://api.github.com/repos/terraform-linters/tflint/releases/assets/480528349"
provenance = "github-attestations"

[[tools.tfsec]]
version = "1.28.14"
backend = "aqua:aquasecurity/tfsec"

[tools.tfsec."platforms.linux-x64"]
checksum = "sha256:329ae7f67f2f1813ebe08de498719ea7003c75d3ca24bb0b038369062508008e"
url = "https://github.com/aquasecurity/tfsec/releases/download/v1.28.14/tfsec_1.28.14_linux_amd64.tar.gz"
url_api = "https://api.github.com/repos/aquasecurity/tfsec/releases/assets/251229789"

[tools.tfsec."platforms.macos-arm64"]
checksum = "sha256:f39d59a3f9be4eeb3d965657653ad62243103a3d921ce52ca8f907cff45896f5"
url = "https://github.com/aquasecurity/tfsec/releases/download/v1.28.14/tfsec_1.28.14_darwin_arm64.tar.gz"
url_api = "https://api.github.com/repos/aquasecurity/tfsec/releases/assets/251229788"

[[tools.uv]]
version = "0.12.5"
backend = "aqua:astral-sh/uv"

[tools.uv."platforms.linux-x64"]
checksum = "sha256:a4742988791c9aeae68c78150d6cba762062ad2a47e53738c2779d2b596bfcdb"
url = "https://github.com/astral-sh/uv/releases/download/0.12.5/uv-x86_64-unknown-linux-musl.tar.gz"
url_api = "https://api.github.com/repos/astral-sh/uv/releases/assets/514851105"
provenance = "github-attestations"

[tools.uv."platforms.macos-arm64"]
checksum = "sha256:5bb0e5fe008a773c3dbcb97ff79cd89e1241464fe9d2f986d52ad8f1b037bd62"
url = "https://github.com/astral-sh/uv/releases/download/0.12.5/uv-aarch64-apple-darwin.tar.gz"
url_api = "https://api.github.com/repos/astral-sh/uv/releases/assets/514850968"
provenance = "github-attestations"

[[tools.zig]]
version = "0.16.0"
backend = "core:zig"

[tools.zig."platforms.linux-x64"]
checksum = "sha256:70e49664a74374b48b51e6f3fdfbf437f6395d42509050588bd49abe52ba3d00"
url = "https://ziglang.org/download/0.16.0/zig-x86_64-linux-0.16.0.tar.xz"

[tools.zig."platforms.macos-arm64"]
checksum = "sha256:b23d70deaa879b5c2d486ed3316f7eaa53e84acf6fc9cc747de152450d401489"
url = "https://ziglang.org/download/0.16.0/zig-aarch64-macos-0.16.0.tar.xz"
